
Microsoft Visual Studio Solution File, Format Version 11.00
# Visual Studio 2010
Project("{FAE04EC0-301F-11D3-BF4B-00C04F79EFBC}") = "Parch", "GameArchiver\Parch.csproj", "{F8E761E0-53A3-4F27-A866-E81E1CD6698A}"
EndProject
Project("{FAE04EC0-301F-11D3-BF4B-00C04F79EFBC}") = "Ookii.Dialogs.Wpf", "Ookii.Dialogs.Wpf\Ookii.Dialogs.Wpf.csproj", "{D01B1D20-8F5B-4834-8E5C-C7EC6DD587D4}"
EndProject
Project("{FAE04EC0-301F-11D3-BF4B-00C04F79EFBC}") = "AFSFile", "AFSFile\AFSFile.csproj", "{C3F45C42-0A98-48A5-A8C5-28BA4DD4A109}"
EndProject
Project("{FAE04EC0-301F-11D3-BF4B-00C04F79EFBC}") = "VVVVVV", "VVVVVV\VVVVVV.csproj", "{56EF197F-27E4-4D20-BDDC-B9331ABC6B26}"
EndProject
Project("{FAE04EC0-301F-11D3-BF4B-00C04F79EFBC}") = "NARCFile", "NARCFile\NARCFile.csproj", "{63BF1ECF-07A8-489E-B6E3-822452895C07}"
EndProject
Project("{FAE04EC0-301F-11D3-BF4B-00C04F79EFBC}") = "SuperMeatBoy", "SuperMeatBoy\SuperMeatBoy.csproj", "{86B1221B-F39D-42B9-9552-2EF4031A8200}"
EndProject
Project("{FAE04EC0-301F-11D3-BF4B-00C04F79EFBC}") = "SDATReader", "SDATReader\SDATReader.csproj", "{89FACB8E-FD6B-4A7A-A859-58FBEFC2BEBA}"
EndProject
Global
	GlobalSection(SolutionConfigurationPlatforms) = preSolution
		Debug|Any CPU = Debug|Any CPU
		Debug|x64 = Debug|x64
		Debug|x86 = Debug|x86
		Release|Any CPU = Release|Any CPU
		Release|x64 = Release|x64
		Release|x86 = Release|x86
	EndGlobalSection
	GlobalSection(ProjectConfigurationPlatforms) = postSolution
		{F8E761E0-53A3-4F27-A866-E81E1CD6698A}.Debug|Any CPU.ActiveCfg = Debug|Any CPU
		{F8E761E0-53A3-4F27-A866-E81E1CD6698A}.Debug|Any CPU.Build.0 = Debug|Any CPU
		{F8E761E0-53A3-4F27-A866-E81E1CD6698A}.Debug|x64.ActiveCfg = Debug|x64
		{F8E761E0-53A3-4F27-A866-E81E1CD6698A}.Debug|x64.Build.0 = Debug|x64
		{F8E761E0-53A3-4F27-A866-E81E1CD6698A}.Debug|x86.ActiveCfg = Debug|x86
		{F8E761E0-53A3-4F27-A866-E81E1CD6698A}.Debug|x86.Build.0 = Debug|x86
		{F8E761E0-53A3-4F27-A866-E81E1CD6698A}.Release|Any CPU.ActiveCfg = Release|Any CPU
		{F8E761E0-53A3-4F27-A866-E81E1CD6698A}.Release|Any CPU.Build.0 = Release|Any CPU
		{F8E761E0-53A3-4F27-A866-E81E1CD6698A}.Release|x64.ActiveCfg = Release|x64
		{F8E761E0-53A3-4F27-A866-E81E1CD6698A}.Release|x64.Build.0 = Release|x64
		{F8E761E0-53A3-4F27-A866-E81E1CD6698A}.Release|x86.ActiveCfg = Release|x86
		{F8E761E0-53A3-4F27-A866-E81E1CD6698A}.Release|x86.Build.0 = Release|x86
		{D01B1D20-8F5B-4834-8E5C-C7EC6DD587D4}.Debug|Any CPU.ActiveCfg = Debug|Any CPU
		{D01B1D20-8F5B-4834-8E5C-C7EC6DD587D4}.Debug|Any CPU.Build.0 = Debug|Any CPU
		{D01B1D20-8F5B-4834-8E5C-C7EC6DD587D4}.Debug|x64.ActiveCfg = Debug|Any CPU
		{D01B1D20-8F5B-4834-8E5C-C7EC6DD587D4}.Debug|x86.ActiveCfg = Debug|Any CPU
		{D01B1D20-8F5B-4834-8E5C-C7EC6DD587D4}.Release|Any CPU.ActiveCfg = Release|Any CPU
		{D01B1D20-8F5B-4834-8E5C-C7EC6DD587D4}.Release|Any CPU.Build.0 = Release|Any CPU
		{D01B1D20-8F5B-4834-8E5C-C7EC6DD587D4}.Release|x64.ActiveCfg = Release|Any CPU
		{D01B1D20-8F5B-4834-8E5C-C7EC6DD587D4}.Release|x86.ActiveCfg = Release|Any CPU
		{C3F45C42-0A98-48A5-A8C5-28BA4DD4A109}.Debug|Any CPU.ActiveCfg = Debug|Any CPU
		{C3F45C42-0A98-48A5-A8C5-28BA4DD4A109}.Debug|Any CPU.Build.0 = Debug|Any CPU
		{C3F45C42-0A98-48A5-A8C5-28BA4DD4A109}.Debug|x64.ActiveCfg = Debug|Any CPU
		{C3F45C42-0A98-48A5-A8C5-28BA4DD4A109}.Debug|x86.ActiveCfg = Debug|Any CPU
		{C3F45C42-0A98-48A5-A8C5-28BA4DD4A109}.Release|Any CPU.ActiveCfg = Release|Any CPU
		{C3F45C42-0A98-48A5-A8C5-28BA4DD4A109}.Release|Any CPU.Build.0 = Release|Any CPU
		{C3F45C42-0A98-48A5-A8C5-28BA4DD4A109}.Release|x64.ActiveCfg = Release|Any CPU
		{C3F45C42-0A98-48A5-A8C5-28BA4DD4A109}.Release|x86.ActiveCfg = Release|Any CPU
		{56EF197F-27E4-4D20-BDDC-B9331ABC6B26}.Debug|Any CPU.ActiveCfg = Debug|Any CPU
		{56EF197F-27E4-4D20-BDDC-B9331ABC6B26}.Debug|Any CPU.Build.0 = Debug|Any CPU
		{56EF197F-27E4-4D20-BDDC-B9331ABC6B26}.Debug|x64.ActiveCfg = Debug|Any CPU
		{56EF197F-27E4-4D20-BDDC-B9331ABC6B26}.Debug|x86.ActiveCfg = Debug|Any CPU
		{56EF197F-27E4-4D20-BDDC-B9331ABC6B26}.Release|Any CPU.ActiveCfg = Release|Any CPU
		{56EF197F-27E4-4D20-BDDC-B9331ABC6B26}.Release|Any CPU.Build.0 = Release|Any CPU
		{56EF197F-27E4-4D20-BDDC-B9331ABC6B26}.Release|x64.ActiveCfg = Release|Any CPU
		{56EF197F-27E4-4D20-BDDC-B9331ABC6B26}.Release|x86.ActiveCfg = Release|Any CPU
		{63BF1ECF-07A8-489E-B6E3-822452895C07}.Debug|Any CPU.ActiveCfg = Debug|Any CPU
		{63BF1ECF-07A8-489E-B6E3-822452895C07}.Debug|Any CPU.Build.0 = Debug|Any CPU
		{63BF1ECF-07A8-489E-B6E3-822452895C07}.Debug|x64.ActiveCfg = Debug|Any CPU
		{63BF1ECF-07A8-489E-B6E3-822452895C07}.Debug|x86.ActiveCfg = Debug|Any CPU
		{63BF1ECF-07A8-489E-B6E3-822452895C07}.Release|Any CPU.ActiveCfg = Release|Any CPU
		{63BF1ECF-07A8-489E-B6E3-822452895C07}.Release|Any CPU.Build.0 = Release|Any CPU
		{63BF1ECF-07A8-489E-B6E3-822452895C07}.Release|x64.ActiveCfg = Release|Any CPU
		{63BF1ECF-07A8-489E-B6E3-822452895C07}.Release|x86.ActiveCfg = Release|Any CPU
		{86B1221B-F39D-42B9-9552-2EF4031A8200}.Debug|Any CPU.ActiveCfg = Debug|Any CPU
		{86B1221B-F39D-42B9-9552-2EF4031A8200}.Debug|Any CPU.Build.0 = Debug|Any CPU
		{86B1221B-F39D-42B9-9552-2EF4031A8200}.Debug|x64.ActiveCfg = Debug|Any CPU
		{86B1221B-F39D-42B9-9552-2EF4031A8200}.Debug|x86.ActiveCfg = Debug|Any CPU
		{86B1221B-F39D-42B9-9552-2EF4031A8200}.Release|Any CPU.ActiveCfg = Release|Any CPU
		{86B1221B-F39D-42B9-9552-2EF4031A8200}.Release|Any CPU.Build.0 = Release|Any CPU
		{86B1221B-F39D-42B9-9552-2EF4031A8200}.Release|x64.ActiveCfg = Release|Any CPU
		{86B1221B-F39D-42B9-9552-2EF4031A8200}.Release|x86.ActiveCfg = Release|Any CPU
		{89FACB8E-FD6B-4A7A-A859-58FBEFC2BEBA}.Debug|Any CPU.ActiveCfg = Debug|Any CPU
		{89FACB8E-FD6B-4A7A-A859-58FBEFC2BEBA}.Debug|Any CPU.Build.0 = Debug|Any CPU
		{89FACB8E-FD6B-4A7A-A859-58FBEFC2BEBA}.Debug|x64.ActiveCfg = Debug|Any CPU
		{89FACB8E-FD6B-4A7A-A859-58FBEFC2BEBA}.Debug|x86.ActiveCfg = Debug|Any CPU
		{89FACB8E-FD6B-4A7A-A859-58FBEFC2BEBA}.Release|Any CPU.ActiveCfg = Release|Any CPU
		{89FACB8E-FD6B-4A7A-A859-58FBEFC2BEBA}.Release|Any CPU.Build.0 = Release|Any CPU
		{89FACB8E-FD6B-4A7A-A859-58FBEFC2BEBA}.Release|x64.ActiveCfg = Release|Any CPU
		{89FACB8E-FD6B-4A7A-A859-58FBEFC2BEBA}.Release|x86.ActiveCfg = Release|Any CPU
	EndGlobalSection
	GlobalSection(SolutionProperties) = preSolution
		HideSolutionNode = FALSE
	EndGlobalSection
EndGlobal
